// !$*UTF8*$!
{
	archiveVersion = 1;
	classes = {
	};
	objectVersion = 50;
	objects = {

/* Begin PBXBuildFile section */
		F8EDA101213729F4000C7182 /* AppDelegate.swift in Sources */ = {isa = PBXBuildFile; fileRef = F8EDA100213729F4000C7182 /* AppDelegate.swift */; };
		F8EDA103213729F4000C7182 /* ViewController.swift in Sources */ = {isa = PBXBuildFile; fileRef = F8EDA102213729F4000C7182 /* ViewController.swift */; };
		F8EDA106213729F4000C7182 /* Main.storyboard in Resources */ = {isa = PBXBuildFile; fileRef = F8EDA104213729F4000C7182 /* Main.storyboard */; };
		F8EDA108213729F4000C7182 /* Assets.xcassets in Resources */ = {isa = PBXBuildFile; fileRef = F8EDA107213729F4000C7182 /* Assets.xcassets */; };
		F8EDA10B213729F4000C7182 /* LaunchScreen.storyboard in Resources */ = {isa = PBXBuildFile; fileRef = F8EDA109213729F4000C7182 /* LaunchScreen.storyboard */; };
		F8EDA11321372DF4000C7182 /* Screen Shot 2018-08-29 at 12.39.02 PM.png in Resources */ = {isa = PBXBuildFile; fileRef = F8EDA11221372DF4000C7182 /* Screen Shot 2018-08-29 at 12.39.02 PM.png */; };
/* End PBXBuildFile section */

/* Begin PBXFileReference section */
		F8EDA0FD213729F4000C7182 /* Lambda Animations.app */ = {isa = PBXFileReference; explicitFileType = wrapper.application; includeInIndex = 0; path = "Lambda Animations.app"; sourceTree = BUILT_PRODUCTS_DIR; };
		F8EDA100213729F4000C7182 /* AppDelegate.swift */ = {isa = PBXFileReference; lastKnownFileType = sourcecode.swift; path = AppDelegate.swift; sourceTree = "<group>"; };
		F8EDA102213729F4000C7182 /* ViewController.swift */ = {isa = PBXFileReference; lastKnownFileType = sourcecode.swift; path = ViewController.swift; sourceTree = "<group>"; };
		F8EDA105213729F4000C7182 /* Base */ = {isa = PBXFileReference; lastKnownFileType = file.storyboard; name = Base; path = Base.lproj/Main.storyboard; sourceTree = "<group>"; };
		F8EDA107213729F4000C7182 /* Assets.xcassets */ = {isa = PBXFileReference; lastKnownFileType = folder.assetcatalog; path = Assets.xcassets; sourceTree = "<group>"; };
		F8EDA10A213729F4000C7182 /* Base */ = {isa = PBXFileReference; lastKnownFileType = file.storyboard; name = Base; path = Base.lproj/LaunchScreen.storyboard; sourceTree = "<group>"; };
		F8EDA10C213729F4000C7182 /* Info.plist */ = {isa = PBXFileReference; lastKnownFileType = text.plist.xml; path = Info.plist; sourceTree = "<group>"; };
		F8EDA11221372DF4000C7182 /* Screen Shot 2018-08-29 at 12.39.02 PM.png */ = {isa = PBXFileReference; lastKnownFileType = image.png; path = "Screen Shot 2018-08-29 at 12.39.02 PM.png"; sourceTree = "<group>"; };
/* End PBXFileReference section */

/* Begin PBXFrameworksBuildPhase section */
		F8EDA0FA213729F4000C7182 /* Frameworks */ = {
			isa = PBXFrameworksBuildPhase;
			buildActionMask = 2147483647;
			files = (
			);
			runOnlyForDeploymentPostprocessing = 0;
		};
/* End PBXFrameworksBuildPhase section */

/* Begin PBXGroup section */
		F8EDA0F4213729F4000C7182 = {
			isa = PBXGroup;
			children = (
				F8EDA0FF213729F4000C7182 /* Lambda Animations */,
				F8EDA0FE213729F4000C7182 /* Products */,
			);
			sourceTree = "<group>";
		};
		F8EDA0FE213729F4000C7182 /* Products */ = {
			isa = PBXGroup;
			children = (
				F8EDA0FD213729F4000C7182 /* Lambda Animations.app */,
			);
			name = Products;
			sourceTree = "<group>";
		};
		F8EDA0FF213729F4000C7182 /* Lambda Animations */ = {
			isa = PBXGroup;
			children = (
				F8EDA100213729F4000C7182 /* AppDelegate.swift */,
				F8EDA102213729F4000C7182 /* ViewController.swift */,
				F8EDA104213729F4000C7182 /* Main.storyboard */,
				F8EDA107213729F4000C7182 /* Assets.xcassets */,
				F8EDA109213729F4000C7182 /* LaunchScreen.storyboard */,
				F8EDA10C213729F4000C7182 /* Info.plist */,
				F8EDA11221372DF4000C7182 /* Screen Shot 2018-08-29 at 12.39.02 PM.png */,
			);
			path = "Lambda Animations";
			sourceTree = "<group>";
		};
/* End PBXGroup section */

/* Begin PBXNativeTarget section */
		F8EDA0FC213729F4000C7182 /* Lambda Animations */ = {
			isa = PBXNativeTarget;
			buildConfigurationList = F8EDA10F213729F4000C7182 /* Build configuration list for PBXNativeTarget "Lambda Animations" */;
			buildPhases = (
				F8EDA0F9213729F4000C7182 /* Sources */,
				F8EDA0FA213729F4000C7182 /* Frameworks */,
				F8EDA0FB213729F4000C7182 /* Resources */,
			);
			buildRules = (
			);
			dependencies = (
			);
			name = "Lambda Animations";
			productName = "Lambda Animations";
			productReference = F8EDA0FD213729F4000C7182 /* Lambda Animations.app */;
			productType = "com.apple.product-type.application";
		};
/* End PBXNativeTarget section */

/* Begin PBXProject section */
		F8EDA0F5213729F4000C7182 /* Project object */ = {
			isa = PBXProject;
			attributes = {
				LastSwiftUpdateCheck = 0940;
				LastUpgradeCheck = 0940;
				ORGANIZATIONNAME = "Jonathan T. Miles";
				TargetAttributes = {
					F8EDA0FC213729F4000C7182 = {
						CreatedOnToolsVersion = 9.4.1;
					};
				};
			};
			buildConfigurationList = F8EDA0F8213729F4000C7182 /* Build configuration list for PBXProject "Lambda Animations" */;
			compatibilityVersion = "Xcode 9.3";
			developmentRegion = en;
			hasScannedForEncodings = 0;
			knownRegions = (
				en,
				Base,
			);
			mainGroup = F8EDA0F4213729F4000C7182;
			productRefGroup = F8EDA0FE213729F4000C7182 /* Products */;
			projectDirPath = "";
			projectRoot = "";
			targets = (
				F8EDA0FC213729F4000C7182 /* Lambda Animations */,
			);
		};
/* End PBXProject section */

/* Begin PBXResourcesBuildPhase section */
		F8EDA0FB213729F4000C7182 /* Resources */ = {
			isa = PBXResourcesBuildPhase;
			buildActionMask = 2147483647;
			files = (
				F8EDA10B213729F4000C7182 /* LaunchScreen.storyboard in Resources */,
				F8EDA11321372DF4000C7182 /* Screen Shot 2018-08-29 at 12.39.02 PM.png in Resources */,
				F8EDA108213729F4000C7182 /* Assets.xcassets in Resources */,
				F8EDA106213729F4000C7182 /* Main.storyboard in Resources */,
			);
			runOnlyForDeploymentPostprocessing = 0;
		};
/* End PBXResourcesBuildPhase section */

/* Begin PBXSourcesBuildPhase section */
		F8EDA0F9213729F4000C7182 /* Sources */ = {
			isa = PBXSourcesBuildPhase;
			buildActionMask = 2147483647;
			files = (
				F8EDA103213729F4000C7182 /* ViewController.swift in Sources */,
				F8EDA101213729F4000C7182 /* AppDelegate.swift in Sources */,
			);
			runOnlyForDeploymentPostprocessing = 0;
		};
/* End PBXSourcesBuildPhase section */

/* Begin PBXVariantGroup section */
		F8EDA104213729F4000C7182 /* Main.storyboard */ = {
			isa = PBXVariantGroup;
			children = (
				F8EDA105213729F4000C7182 /* Base */,
			);
			name = Main.storyboard;
			sourceTree = "<group>";
		};
		F8EDA109213729F4000C7182 /* LaunchScreen.storyboard */ = {
			isa = PBXVariantGroup;
			children = (
				F8EDA10A213729F4000C7182 /* Base */,
			);
			name = LaunchScreen.storyboard;
			sourceTree = "<group>";
		};
/* End PBXVariantGroup section */

/* Begin XCBuildConfiguration section */
		F8EDA10D213729F4000C7182 /* Debug */ = {
			isa = XCBuildConfiguration;
			buildSettings = {
				ALWAYS_SEARCH_USER_PATHS = NO;
				CLANG_ANALYZER_NONNULL = YES;
				CLANG_ANALYZER_NUMBER_OBJECT_CONVERSION = YES_AGGRESSIVE;
				CLANG_CXX_LANGUAGE_STANDARD = "gnu++14";
				CLANG_CXX_LIBRARY = "libc++";
				CLANG_ENABLE_MODULES = YES;
				CLANG_ENABLE_OBJC_ARC = YES;
				CLANG_ENABLE_OBJC_WEAK = YES;
				CLANG_WARN_BLOCK_CAPTURE_AUTORELEASING = YES;
				CLANG_WARN_BOOL_CONVERSION = YES;
				CLANG_WARN_COMMA = YES;
				CLANG_WARN_CONSTANT_CONVERSION = YES;
				CLANG_WARN_DEPRECATED_OBJC_IMPLEMENTATIONS = YES;
				CLANG_WARN_DIRECT_OBJC_ISA_USAGE = YES_ERROR;
				CLANG_WARN_DOCUMENTATION_COMMENTS = YES;
				CLANG_WARN_EMPTY_BODY = YES;
				CLANG_WARN_ENUM_CONVERSION = YES;
				CLANG_WARN_INFINITE_RECURSION = YES;
				CLANG_WARN_INT_CONVERSION = YES;
				CLANG_WARN_NON_LITERAL_NULL_CONVERSION = YES;
				CLANG_WARN_OBJC_IMPLICIT_RETAIN_SELF = YES;
				CLANG_WARN_OBJC_LITERAL_CONVERSION = YES;
				CLANG_WARN_OBJC_ROOT_CLASS = YES_ERROR;
				CLANG_WARN_RANGE_LOOP_ANALYSIS = YES;
				CLANG_WARN_STRICT_PROTOTYPES = YES;
				CLANG_WARN_SUSPICIOUS_MOVE = YES;
				CLANG_WARN_UNGUARDED_AVAILABILITY = YES_AGGRESSIVE;
				CLANG_WARN_UNREACHABLE_CODE = YES;
				CLANG_WARN__DUPLICATE_METHOD_MATCH = YES;
				CODE_SIGN_IDENTITY = "iPhone Developer";
				COPY_PHASE_STRIP = NO;
				DEBUG_INFORMATION_FORMAT = dwarf;
				ENABLE_STRICT_OBJC_MSGSEND = YES;
				ENABLE_TESTABILITY = YES;
				GCC_C_LANGUAGE_STANDARD = gnu11;
				GCC_DYNAMIC_NO_PIC = NO;
				GCC_NO_COMMON_BLOCKS = YES;
				GCC_OPTIMIZATION_LEVEL = 0;
				GCC_PREPROCESSOR_DEFINITIONS = (
					"DEBUG=1",
					"$(inherited)",
				);
				GCC_WARN_64_TO_32_BIT_CONVERSION = YES;
				GCC_WARN_ABOUT_RETURN_TYPE = YES_ERROR;
				GCC_WARN_UNDECLARED_SELECTOR = YES;
				GCC_WARN_UNINITIALIZED_AUTOS = YES_AGGRESSIVE;
				GCC_WARN_UNUSED_FUNCTION = YES;
				GCC_WARN_UNUSED_VARIABLE = YES;
				IPHONEOS_DEPLOYMENT_TARGET = 11.4;
				MTL_ENABLE_DEBUG_INFO = YES;
				ONLY_ACTIVE_ARCH = YES;
				SDKROOT = iphoneos;
				SWIFT_ACTIVE_COMPILATION_CONDITIONS = DEBUG;
				SWIFT_OPTIMIZATION_LEVEL = "-Onone";
			};
			name = Debug;
		};
		F8EDA10E213729F4000C7182 /* Release */ = {
			isa = XCBuildConfiguration;
			buildSettings = {
				ALWAYS_SEARCH_USER_PATHS = NO;
				CLANG_ANALYZER_NONNULL = YES;
				CLANG_ANALYZER_NUMBER_OBJECT_CONVERSION = YES_AGGRESSIVE;
				CLANG_CXX_LANGUAGE_STANDARD = "gnu++14";
				CLANG_CXX_LIBRARY = "libc++";
				CLANG_ENABLE_MODULES = YES;
				CLANG_ENABLE_OBJC_ARC = YES;
				CLANG_ENABLE_OBJC_WEAK = YES;
				CLANG_WARN_BLOCK_CAPTURE_AUTORELEASING = YES;
				CLANG_WARN_BOOL_CONVERSION = YES;
				CLANG_WARN_COMMA = YES;
				CLANG_WARN_CONSTANT_CONVERSION = YES;
				CLANG_WARN_DEPRECATED_OBJC_IMPLEMENTATIONS = YES;
				CLANG_WARN_DIRECT_OBJC_ISA_USAGE = YES_ERROR;
				CLANG_WARN_DOCUMENTATION_COMMENTS = YES;
				CLANG_WARN_EMPTY_BODY = YES;
				CLANG_WARN_ENUM_CONVERSION = YES;
				CLANG_WARN_INFINITE_RECURSION = YES;
				CLANG_WARN_INT_CONVERSION = YES;
				CLANG_WARN_NON_LITERAL_NULL_CONVERSION = YES;
				CLANG_WARN_OBJC_IMPLICIT_RETAIN_SELF = YES;
				CLANG_WARN_OBJC_LITERAL_CONVERSION = YES;
				CLANG_WARN_OBJC_ROOT_CLASS = YES_ERROR;
				CLANG_WARN_RANGE_LOOP_ANALYSIS = YES;
				CLANG_WARN_STRICT_PROTOTYPES = YES;
				CLANG_WARN_SUSPICIOUS_MOVE = YES;
				CLANG_WARN_UNGUARDED_AVAILABILITY = YES_AGGRESSIVE;
				CLANG_WARN_UNREACHABLE_CODE = YES;
				CLANG_WARN__DUPLICATE_METHOD_MATCH = YES;
				CODE_SIGN_IDENTITY = "iPhone Developer";
				COPY_PHASE_STRIP = NO;
				DEBUG_INFORMATION_FORMAT = "dwarf-with-dsym";
				ENABLE_NS_ASSERTIONS = NO;
				ENABLE_STRICT_OBJC_MSGSEND = YES;
				GCC_C_LANGUAGE_STANDARD = gnu11;
				GCC_NO_COMMON_BLOCKS = YES;
				GCC_WARN_64_TO_32_BIT_CONVERSION = YES;
				GCC_WARN_ABOUT_RETURN_TYPE = YES_ERROR;
				GCC_WARN_UNDECLARED_SELECTOR = YES;
				GCC_WARN_UNINITIALIZED_AUTOS = YES_AGGRESSIVE;
				GCC_WARN_UNUSED_FUNCTION = YES;
				GCC_WARN_UNUSED_VARIABLE = YES;
				IPHONEOS_DEPLOYMENT_TARGET = 11.4;
				MTL_ENABLE_DEBUG_INFO = NO;
				SDKROOT = iphoneos;
				SWIFT_COMPILATION_MODE = wholemodule;
				SWIFT_OPTIMIZATION_LEVEL = "-O";
				VALIDATE_PRODUCT = YES;
			};
			name = Release;
		};
		F8EDA110213729F4000C7182 /* Debug */ = {
			isa = XCBuildConfiguration;
			buildSettings = {
				ASSETCATALOG_COMPILER_APPICON_NAME = AppIcon;
				CODE_SIGN_STYLE = Automatic;
				DEVELOPMENT_TEAM = 8J9VUCBX92;
				INFOPLIST_FILE = "Lambda Animations/Info.plist";
				LD_RUNPATH_SEARCH_PATHS = (
					"$(inherited)",
					"@executable_path/Frameworks",
				);
				PRODUCT_BUNDLE_IDENTIFIER = "com.jonathantmiles.Lambda-Animations";
				PRODUCT_NAME = "$(TARGET_NAME)";
				SWIFT_VERSION = 4.0;
				TARGETED_DEVICE_FAMILY = "1,2";
			};
			name = Debug;
		};
		F8EDA111213729F4000C7182 /* Release */ = {
			isa = XCBuildConfiguration;
			buildSettings = {
				ASSETCATALOG_COMPILER_APPICON_NAME = AppIcon;
				CODE_SIGN_STYLE = Automatic;
				DEVELOPMENT_TEAM = 8J9VUCBX92;
				INFOPLIST_FILE = "Lambda Animations/Info.plist";
				LD_RUNPATH_SEARCH_PATHS = (
					"$(inherited)",
					"@executable_path/Frameworks",
				);
				PRODUCT_BUNDLE_IDENTIFIER = "com.jonathantmiles.Lambda-Animations";
				PRODUCT_NAME = "$(TARGET_NAME)";
				SWIFT_VERSION = 4.0;
				TARGETED_DEVICE_FAMILY = "1,2";
			};
			name = Release;
		};
/* End XCBuildConfiguration section */

/* Begin XCConfigurationList section */
		F8EDA0F8213729F4000C7182 /* Build configuration list for PBXProject "Lambda Animations" */ = {
			isa = XCConfigurationList;
			buildConfigurations = (
				F8EDA10D213729F4000C7182 /* Debug */,
				F8EDA10E213729F4000C7182 /* Release */,
			);
			defaultConfigurationIsVisible = 0;
			defaultConfigurationName = Release;
		};
		F8EDA10F213729F4000C7182 /* Build configuration list for PBXNativeTarget "Lambda Animations" */ = {
			isa = XCConfigurationList;
			buildConfigurations = (
				F8EDA110213729F4000C7182 /* Debug */,
				F8EDA111213729F4000C7182 /* Release */,
			);
			defaultConfigurationIsVisible = 0;
			defaultConfigurationName = Release;
		};
/* End XCConfigurationList section */
	};
	rootObject = F8EDA0F5213729F4000C7182 /* Project object */;
}
